// !$*UTF8*$!
{
	archiveVersion = 1;
	classes = {
	};
	objectVersion = 55;
	objects = {

/* Begin PBXBuildFile section */
		8F71EE112860DFBA000E1E92 /* iEFISApp.swift in Sources */ = {isa = PBXBuildFile; fileRef = 8F71EE102860DFBA000E1E92 /* iEFISApp.swift */; };
		8F71EE132860DFBA000E1E92 /* ContentView.swift in Sources */ = {isa = PBXBuildFile; fileRef = 8F71EE122860DFBA000E1E92 /* ContentView.swift */; };
		8F71EE152860DFC3000E1E92 /* Assets.xcassets in Resources */ = {isa = PBXBuildFile; fileRef = 8F71EE142860DFC3000E1E92 /* Assets.xcassets */; };
		8F71EE182860DFC3000E1E92 /* Preview Assets.xcassets in Resources */ = {isa = PBXBuildFile; fileRef = 8F71EE172860DFC3000E1E92 /* Preview Assets.xcassets */; };
		8F71EE222860DFC3000E1E92 /* iEFISTests.swift in Sources */ = {isa = PBXBuildFile; fileRef = 8F71EE212860DFC3000E1E92 /* iEFISTests.swift */; };
		8F71EE2C2860DFC3000E1E92 /* iEFISUITests.swift in Sources */ = {isa = PBXBuildFile; fileRef = 8F71EE2B2860DFC3000E1E92 /* iEFISUITests.swift */; };
		8F71EE2E2860DFC3000E1E92 /* iEFISUITestsLaunchTests.swift in Sources */ = {isa = PBXBuildFile; fileRef = 8F71EE2D2860DFC3000E1E92 /* iEFISUITestsLaunchTests.swift */; };
		8F71EE71286DBCFB000E1E92 /* APIServices.swift in Sources */ = {isa = PBXBuildFile; fileRef = 8F71EE70286DBCFB000E1E92 /* APIServices.swift */; };
/* End PBXBuildFile section */

/* Begin PBXContainerItemProxy section */
		8F71EE1E2860DFC3000E1E92 /* PBXContainerItemProxy */ = {
			isa = PBXContainerItemProxy;
			containerPortal = 8F71EE052860DFBA000E1E92 /* Project object */;
			proxyType = 1;
			remoteGlobalIDString = 8F71EE0C2860DFBA000E1E92;
			remoteInfo = iEFIS;
		};
		8F71EE282860DFC3000E1E92 /* PBXContainerItemProxy */ = {
			isa = PBXContainerItemProxy;
			containerPortal = 8F71EE052860DFBA000E1E92 /* Project object */;
			proxyType = 1;
			remoteGlobalIDString = 8F71EE0C2860DFBA000E1E92;
			remoteInfo = iEFIS;
		};
/* End PBXContainerItemProxy section */

/* Begin PBXFileReference section */
		8F71EE0D2860DFBA000E1E92 /* iEFIS.app */ = {isa = PBXFileReference; explicitFileType = wrapper.application; includeInIndex = 0; path = iEFIS.app; sourceTree = BUILT_PRODUCTS_DIR; };
		8F71EE102860DFBA000E1E92 /* iEFISApp.swift */ = {isa = PBXFileReference; lastKnownFileType = sourcecode.swift; path = iEFISApp.swift; sourceTree = "<group>"; };
		8F71EE122860DFBA000E1E92 /* ContentView.swift */ = {isa = PBXFileReference; lastKnownFileType = sourcecode.swift; path = ContentView.swift; sourceTree = "<group>"; };
		8F71EE142860DFC3000E1E92 /* Assets.xcassets */ = {isa = PBXFileReference; lastKnownFileType = folder.assetcatalog; path = Assets.xcassets; sourceTree = "<group>"; };
		8F71EE172860DFC3000E1E92 /* Preview Assets.xcassets */ = {isa = PBXFileReference; lastKnownFileType = folder.assetcatalog; path = "Preview Assets.xcassets"; sourceTree = "<group>"; };
		8F71EE1D2860DFC3000E1E92 /* iEFISTests.xctest */ = {isa = PBXFileReference; explicitFileType = wrapper.cfbundle; includeInIndex = 0; path = iEFISTests.xctest; sourceTree = BUILT_PRODUCTS_DIR; };
		8F71EE212860DFC3000E1E92 /* iEFISTests.swift */ = {isa = PBXFileReference; lastKnownFileType = sourcecode.swift; path = iEFISTests.swift; sourceTree = "<group>"; };
		8F71EE272860DFC3000E1E92 /* iEFISUITests.xctest */ = {isa = PBXFileReference; explicitFileType = wrapper.cfbundle; includeInIndex = 0; path = iEFISUITests.xctest; sourceTree = BUILT_PRODUCTS_DIR; };
		8F71EE2B2860DFC3000E1E92 /* iEFISUITests.swift */ = {isa = PBXFileReference; lastKnownFileType = sourcecode.swift; path = iEFISUITests.swift; sourceTree = "<group>"; };
		8F71EE2D2860DFC3000E1E92 /* iEFISUITestsLaunchTests.swift */ = {isa = PBXFileReference; lastKnownFileType = sourcecode.swift; path = iEFISUITestsLaunchTests.swift; sourceTree = "<group>"; };
		8F71EE70286DBCFB000E1E92 /* APIServices.swift */ = {isa = PBXFileReference; lastKnownFileType = sourcecode.swift; path = APIServices.swift; sourceTree = "<group>"; };
		8F74DFFE2882D94500D5B92B /* Info.plist */ = {isa = PBXFileReference; lastKnownFileType = text.plist; path = Info.plist; sourceTree = "<group>"; };
/* End PBXFileReference section */

/* Begin PBXFrameworksBuildPhase section */
		8F71EE0A2860DFBA000E1E92 /* Frameworks */ = {
			isa = PBXFrameworksBuildPhase;
			buildActionMask = 2147483647;
			files = (
			);
			runOnlyForDeploymentPostprocessing = 0;
		};
		8F71EE1A2860DFC3000E1E92 /* Frameworks */ = {
			isa = PBXFrameworksBuildPhase;
			buildActionMask = 2147483647;
			files = (
			);
			runOnlyForDeploymentPostprocessing = 0;
		};
		8F71EE242860DFC3000E1E92 /* Frameworks */ = {
			isa = PBXFrameworksBuildPhase;
			buildActionMask = 2147483647;
			files = (
			);
			runOnlyForDeploymentPostprocessing = 0;
		};
/* End PBXFrameworksBuildPhase section */

/* Begin PBXGroup section */
		8F71EE042860DFBA000E1E92 = {
			isa = PBXGroup;
			children = (
				8F71EE0F2860DFBA000E1E92 /* iEFIS */,
				8F71EE202860DFC3000E1E92 /* iEFISTests */,
				8F71EE2A2860DFC3000E1E92 /* iEFISUITests */,
				8F71EE0E2860DFBA000E1E92 /* Products */,
			);
			sourceTree = "<group>";
		};
		8F71EE0E2860DFBA000E1E92 /* Products */ = {
			isa = PBXGroup;
			children = (
				8F71EE0D2860DFBA000E1E92 /* iEFIS.app */,
				8F71EE1D2860DFC3000E1E92 /* iEFISTests.xctest */,
				8F71EE272860DFC3000E1E92 /* iEFISUITests.xctest */,
			);
			name = Products;
			sourceTree = "<group>";
		};
		8F71EE0F2860DFBA000E1E92 /* iEFIS */ = {
			isa = PBXGroup;
			children = (
				8F74DFFE2882D94500D5B92B /* Info.plist */,
				8F71EE102860DFBA000E1E92 /* iEFISApp.swift */,
				8F71EE122860DFBA000E1E92 /* ContentView.swift */,
				8F71EE70286DBCFB000E1E92 /* APIServices.swift */,
				8F71EE142860DFC3000E1E92 /* Assets.xcassets */,
				8F71EE162860DFC3000E1E92 /* Preview Content */,
			);
			path = iEFIS;
			sourceTree = "<group>";
		};
		8F71EE162860DFC3000E1E92 /* Preview Content */ = {
			isa = PBXGroup;
			children = (
				8F71EE172860DFC3000E1E92 /* Preview Assets.xcassets */,
			);
			path = "Preview Content";
			sourceTree = "<group>";
		};
		8F71EE202860DFC3000E1E92 /* iEFISTests */ = {
			isa = PBXGroup;
			children = (
				8F71EE212860DFC3000E1E92 /* iEFISTests.swift */,
			);
			path = iEFISTests;
			sourceTree = "<group>";
		};
		8F71EE2A2860DFC3000E1E92 /* iEFISUITests */ = {
			isa = PBXGroup;
			children = (
				8F71EE2B2860DFC3000E1E92 /* iEFISUITests.swift */,
				8F71EE2D2860DFC3000E1E92 /* iEFISUITestsLaunchTests.swift */,
			);
			path = iEFISUITests;
			sourceTree = "<group>";
		};
/* End PBXGroup section */

/* Begin PBXNativeTarget section */
		8F71EE0C2860DFBA000E1E92 /* iEFIS */ = {
			isa = PBXNativeTarget;
			buildConfigurationList = 8F71EE312860DFC3000E1E92 /* Build configuration list for PBXNativeTarget "iEFIS" */;
			buildPhases = (
				8F71EE092860DFBA000E1E92 /* Sources */,
				8F71EE0A2860DFBA000E1E92 /* Frameworks */,
				8F71EE0B2860DFBA000E1E92 /* Resources */,
			);
			buildRules = (
			);
			dependencies = (
			);
			name = iEFIS;
			productName = iEFIS;
			productReference = 8F71EE0D2860DFBA000E1E92 /* iEFIS.app */;
			productType = "com.apple.product-type.application";
		};
		8F71EE1C2860DFC3000E1E92 /* iEFISTests */ = {
			isa = PBXNativeTarget;
			buildConfigurationList = 8F71EE342860DFC3000E1E92 /* Build configuration list for PBXNativeTarget "iEFISTests" */;
			buildPhases = (
				8F71EE192860DFC3000E1E92 /* Sources */,
				8F71EE1A2860DFC3000E1E92 /* Frameworks */,
				8F71EE1B2860DFC3000E1E92 /* Resources */,
			);
			buildRules = (
			);
			dependencies = (
				8F71EE1F2860DFC3000E1E92 /* PBXTargetDependency */,
			);
			name = iEFISTests;
			productName = iEFISTests;
			productReference = 8F71EE1D2860DFC3000E1E92 /* iEFISTests.xctest */;
			productType = "com.apple.product-type.bundle.unit-test";
		};
		8F71EE262860DFC3000E1E92 /* iEFISUITests */ = {
			isa = PBXNativeTarget;
			buildConfigurationList = 8F71EE372860DFC3000E1E92 /* Build configuration list for PBXNativeTarget "iEFISUITests" */;
			buildPhases = (
				8F71EE232860DFC3000E1E92 /* Sources */,
				8F71EE242860DFC3000E1E92 /* Frameworks */,
				8F71EE252860DFC3000E1E92 /* Resources */,
			);
			buildRules = (
			);
			dependencies = (
				8F71EE292860DFC3000E1E92 /* PBXTargetDependency */,
			);
			name = iEFISUITests;
			productName = iEFISUITests;
			productReference = 8F71EE272860DFC3000E1E92 /* iEFISUITests.xctest */;
			productType = "com.apple.product-type.bundle.ui-testing";
		};
/* End PBXNativeTarget section */

/* Begin PBXProject section */
		8F71EE052860DFBA000E1E92 /* Project object */ = {
			isa = PBXProject;
			attributes = {
				BuildIndependentTargetsInParallel = 1;
				LastSwiftUpdateCheck = 1340;
				LastUpgradeCheck = 1340;
				TargetAttributes = {
					8F71EE0C2860DFBA000E1E92 = {
						CreatedOnToolsVersion = 13.4.1;
					};
					8F71EE1C2860DFC3000E1E92 = {
						CreatedOnToolsVersion = 13.4.1;
						TestTargetID = 8F71EE0C2860DFBA000E1E92;
					};
					8F71EE262860DFC3000E1E92 = {
						CreatedOnToolsVersion = 13.4.1;
						TestTargetID = 8F71EE0C2860DFBA000E1E92;
					};
				};
			};
			buildConfigurationList = 8F71EE082860DFBA000E1E92 /* Build configuration list for PBXProject "iEFIS" */;
			compatibilityVersion = "Xcode 13.0";
			developmentRegion = en;
			hasScannedForEncodings = 0;
			knownRegions = (
				en,
				Base,
			);
			mainGroup = 8F71EE042860DFBA000E1E92;
			productRefGroup = 8F71EE0E2860DFBA000E1E92 /* Products */;
			projectDirPath = "";
			projectRoot = "";
			targets = (
				8F71EE0C2860DFBA000E1E92 /* iEFIS */,
				8F71EE1C2860DFC3000E1E92 /* iEFISTests */,
				8F71EE262860DFC3000E1E92 /* iEFISUITests */,
			);
		};
/* End PBXProject section */

/* Begin PBXResourcesBuildPhase section */
		8F71EE0B2860DFBA000E1E92 /* Resources */ = {
			isa = PBXResourcesBuildPhase;
			buildActionMask = 2147483647;
			files = (
				8F71EE182860DFC3000E1E92 /* Preview Assets.xcassets in Resources */,
				8F71EE152860DFC3000E1E92 /* Assets.xcassets in Resources */,
			);
			runOnlyForDeploymentPostprocessing = 0;
		};
		8F71EE1B2860DFC3000E1E92 /* Resources */ = {
			isa = PBXResourcesBuildPhase;
			buildActionMask = 2147483647;
			files = (
			);
			runOnlyForDeploymentPostprocessing = 0;
		};
		8F71EE252860DFC3000E1E92 /* Resources */ = {
			isa = PBXResourcesBuildPhase;
			buildActionMask = 2147483647;
			files = (
			);
			runOnlyForDeploymentPostprocessing = 0;
		};
/* End PBXResourcesBuildPhase section */

/* Begin PBXSourcesBuildPhase section */
		8F71EE092860DFBA000E1E92 /* Sources */ = {
			isa = PBXSourcesBuildPhase;
			buildActionMask = 2147483647;
			files = (
				8F71EE132860DFBA000E1E92 /* ContentView.swift in Sources */,
				8F71EE112860DFBA000E1E92 /* iEFISApp.swift in Sources */,
				8F71EE71286DBCFB000E1E92 /* APIServices.swift in Sources */,
			);
			runOnlyForDeploymentPostprocessing = 0;
		};
		8F71EE192860DFC3000E1E92 /* Sources */ = {
			isa = PBXSourcesBuildPhase;
			buildActionMask = 2147483647;
			files = (
				8F71EE222860DFC3000E1E92 /* iEFISTests.swift in Sources */,
			);
			runOnlyForDeploymentPostprocessing = 0;
		};
		8F71EE232860DFC3000E1E92 /* Sources */ = {
			isa = PBXSourcesBuildPhase;
			buildActionMask = 2147483647;
			files = (
				8F71EE2C2860DFC3000E1E92 /* iEFISUITests.swift in Sources */,
				8F71EE2E2860DFC3000E1E92 /* iEFISUITestsLaunchTests.swift in Sources */,
			);
			runOnlyForDeploymentPostprocessing = 0;
		};
/* End PBXSourcesBuildPhase section */

/* Begin PBXTargetDependency section */
		8F71EE1F2860DFC3000E1E92 /* PBXTargetDependency */ = {
			isa = PBXTargetDependency;
			target = 8F71EE0C2860DFBA000E1E92 /* iEFIS */;
			targetProxy = 8F71EE1E2860DFC3000E1E92 /* PBXContainerItemProxy */;
		};
		8F71EE292860DFC3000E1E92 /* PBXTargetDependency */ = {
			isa = PBXTargetDependency;
			target = 8F71EE0C2860DFBA000E1E92 /* iEFIS */;
			targetProxy = 8F71EE282860DFC3000E1E92 /* PBXContainerItemProxy */;
		};
/* End PBXTargetDependency section */

/* Begin XCBuildConfiguration section */
		8F71EE2F2860DFC3000E1E92 /* Debug */ = {
			isa = XCBuildConfiguration;
			buildSettings = {
				ALWAYS_SEARCH_USER_PATHS = NO;
				CLANG_ANALYZER_NONNULL = YES;
				CLANG_ANALYZER_NUMBER_OBJECT_CONVERSION = YES_AGGRESSIVE;
				CLANG_CXX_LANGUAGE_STANDARD = "gnu++17";
				CLANG_ENABLE_MODULES = YES;
				CLANG_ENABLE_OBJC_ARC = YES;
				CLANG_ENABLE_OBJC_WEAK = YES;
				CLANG_WARN_BLOCK_CAPTURE_AUTORELEASING = YES;
				CLANG_WARN_BOOL_CONVERSION = YES;
				CLANG_WARN_COMMA = YES;
				CLANG_WARN_CONSTANT_CONVERSION = YES;
				CLANG_WARN_DEPRECATED_OBJC_IMPLEMENTATIONS = YES;
				CLANG_WARN_DIRECT_OBJC_ISA_USAGE = YES_ERROR;
				CLANG_WARN_DOCUMENTATION_COMMENTS = YES;
				CLANG_WARN_EMPTY_BODY = YES;
				CLANG_WARN_ENUM_CONVERSION = YES;
				CLANG_WARN_INFINITE_RECURSION = YES;
				CLANG_WARN_INT_CONVERSION = YES;
				CLANG_WARN_NON_LITERAL_NULL_CONVERSION = YES;
				CLANG_WARN_OBJC_IMPLICIT_RETAIN_SELF = YES;
				CLANG_WARN_OBJC_LITERAL_CONVERSION = YES;
				CLANG_WARN_OBJC_ROOT_CLASS = YES_ERROR;
				CLANG_WARN_QUOTED_INCLUDE_IN_FRAMEWORK_HEADER = YES;
				CLANG_WARN_RANGE_LOOP_ANALYSIS = YES;
				CLANG_WARN_STRICT_PROTOTYPES = YES;
				CLANG_WARN_SUSPICIOUS_MOVE = YES;
				CLANG_WARN_UNGUARDED_AVAILABILITY = YES_AGGRESSIVE;
				CLANG_WARN_UNREACHABLE_CODE = YES;
				CLANG_WARN__DUPLICATE_METHOD_MATCH = YES;
				COPY_PHASE_STRIP = NO;
				DEBUG_INFORMATION_FORMAT = dwarf;
				ENABLE_STRICT_OBJC_MSGSEND = YES;
				ENABLE_TESTABILITY = YES;
				GCC_C_LANGUAGE_STANDARD = gnu11;
				GCC_DYNAMIC_NO_PIC = NO;
				GCC_NO_COMMON_BLOCKS = YES;
				GCC_OPTIMIZATION_LEVEL = 0;
				GCC_PREPROCESSOR_DEFINITIONS = (
					"DEBUG=1",
					"$(inherited)",
				);
				GCC_WARN_64_TO_32_BIT_CONVERSION = YES;
				GCC_WARN_ABOUT_RETURN_TYPE = YES_ERROR;
				GCC_WARN_UNDECLARED_SELECTOR = YES;
				GCC_WARN_UNINITIALIZED_AUTOS = YES_AGGRESSIVE;
				GCC_WARN_UNUSED_FUNCTION = YES;
				GCC_WARN_UNUSED_VARIABLE = YES;
				IPHONEOS_DEPLOYMENT_TARGET = 15.5;
				MTL_ENABLE_DEBUG_INFO = INCLUDE_SOURCE;
				MTL_FAST_MATH = YES;
				ONLY_ACTIVE_ARCH = YES;
				SDKROOT = iphoneos;
				SWIFT_ACTIVE_COMPILATION_CONDITIONS = DEBUG;
				SWIFT_OPTIMIZATION_LEVEL = "-Onone";
			};
			name = Debug;
		};
		8F71EE302860DFC3000E1E92 /* Release */ = {
			isa = XCBuildConfiguration;
			buildSettings = {
				ALWAYS_SEARCH_USER_PATHS = NO;
				CLANG_ANALYZER_NONNULL = YES;
				CLANG_ANALYZER_NUMBER_OBJECT_CONVERSION = YES_AGGRESSIVE;
				CLANG_CXX_LANGUAGE_STANDARD = "gnu++17";
				CLANG_ENABLE_MODULES = YES;
				CLANG_ENABLE_OBJC_ARC = YES;
				CLANG_ENABLE_OBJC_WEAK = YES;
				CLANG_WARN_BLOCK_CAPTURE_AUTORELEASING = YES;
				CLANG_WARN_BOOL_CONVERSION = YES;
				CLANG_WARN_COMMA = YES;
				CLANG_WARN_CONSTANT_CONVERSION = YES;
				CLANG_WARN_DEPRECATED_OBJC_IMPLEMENTATIONS = YES;
				CLANG_WARN_DIRECT_OBJC_ISA_USAGE = YES_ERROR;
				CLANG_WARN_DOCUMENTATION_COMMENTS = YES;
				CLANG_WARN_EMPTY_BODY = YES;
				CLANG_WARN_ENUM_CONVERSION = YES;
				CLANG_WARN_INFINITE_RECURSION = YES;
				CLANG_WARN_INT_CONVERSION = YES;
				CLANG_WARN_NON_LITERAL_NULL_CONVERSION = YES;
				CLANG_WARN_OBJC_IMPLICIT_RETAIN_SELF = YES;
				CLANG_WARN_OBJC_LITERAL_CONVERSION = YES;
				CLANG_WARN_OBJC_ROOT_CLASS = YES_ERROR;
				CLANG_WARN_QUOTED_INCLUDE_IN_FRAMEWORK_HEADER = YES;
				CLANG_WARN_RANGE_LOOP_ANALYSIS = YES;
				CLANG_WARN_STRICT_PROTOTYPES = YES;
				CLANG_WARN_SUSPICIOUS_MOVE = YES;
				CLANG_WARN_UNGUARDED_AVAILABILITY = YES_AGGRESSIVE;
				CLANG_WARN_UNREACHABLE_CODE = YES;
				CLANG_WARN__DUPLICATE_METHOD_MATCH = YES;
				COPY_PHASE_STRIP = NO;
				DEBUG_INFORMATION_FORMAT = "dwarf-with-dsym";
				ENABLE_NS_ASSERTIONS = NO;
				ENABLE_STRICT_OBJC_MSGSEND = YES;
				GCC_C_LANGUAGE_STANDARD = gnu11;
				GCC_NO_COMMON_BLOCKS = YES;
				GCC_WARN_64_TO_32_BIT_CONVERSION = YES;
				GCC_WARN_ABOUT_RETURN_TYPE = YES_ERROR;
				GCC_WARN_UNDECLARED_SELECTOR = YES;
				GCC_WARN_UNINITIALIZED_AUTOS = YES_AGGRESSIVE;
				GCC_WARN_UNUSED_FUNCTION = YES;
				GCC_WARN_UNUSED_VARIABLE = YES;
				IPHONEOS_DEPLOYMENT_TARGET = 15.5;
				MTL_ENABLE_DEBUG_INFO = NO;
				MTL_FAST_MATH = YES;
				SDKROOT = iphoneos;
				SWIFT_COMPILATION_MODE = wholemodule;
				SWIFT_OPTIMIZATION_LEVEL = "-O";
				VALIDATE_PRODUCT = YES;
			};
			name = Release;
		};
		8F71EE322860DFC3000E1E92 /* Debug */ = {
			isa = XCBuildConfiguration;
			buildSettings = {
				ASSETCATALOG_COMPILER_APPICON_NAME = AppIcon;
				ASSETCATALOG_COMPILER_GLOBAL_ACCENT_COLOR_NAME = AccentColor;
				CODE_SIGN_STYLE = Automatic;
				CURRENT_PROJECT_VERSION = 1;
				DEVELOPMENT_ASSET_PATHS = "\"iEFIS/Preview Content\"";
				ENABLE_PREVIEWS = YES;
				GENERATE_INFOPLIST_FILE = YES;
				INFOPLIST_FILE = iEFIS/Info.plist;
				INFOPLIST_KEY_NSLocationUsageDescription = "Please allow location access for GPS Speed/Alt Data ";
				INFOPLIST_KEY_NSLocationWhenInUseUsageDescription = "";
				INFOPLIST_KEY_UIApplicationSupportsIndirectInputEvents = YES;
				INFOPLIST_KEY_UILaunchScreen_Generation = YES;
				INFOPLIST_KEY_UIRequiresFullScreen = YES;
				INFOPLIST_KEY_UIStatusBarHidden = NO;
				INFOPLIST_KEY_UISupportedInterfaceOrientations = "UIInterfaceOrientationLandscapeLeft UIInterfaceOrientationLandscapeRight UIInterfaceOrientationPortraitUpsideDown UIInterfaceOrientationPortrait";
				INFOPLIST_KEY_UISupportedInterfaceOrientations_iPad = "UIInterfaceOrientationPortrait UIInterfaceOrientationPortraitUpsideDown UIInterfaceOrientationLandscapeLeft UIInterfaceOrientationLandscapeRight";
				INFOPLIST_KEY_UISupportedInterfaceOrientations_iPhone = "UIInterfaceOrientationPortrait UIInterfaceOrientationLandscapeLeft UIInterfaceOrientationLandscapeRight";
				LD_RUNPATH_SEARCH_PATHS = (
					"$(inherited)",
					"@executable_path/Frameworks",
				);
				MARKETING_VERSION = 1.0;
				PRODUCT_BUNDLE_IDENTIFIER = IOSDev.iEFIS;
				PRODUCT_NAME = "$(TARGET_NAME)";
				SWIFT_EMIT_LOC_STRINGS = YES;
				SWIFT_VERSION = 5.0;
				TARGETED_DEVICE_FAMILY = "1,2";
			};
			name = Debug;
		};
		8F71EE332860DFC3000E1E92 /* Release */ = {
			isa = XCBuildConfiguration;
			buildSettings = {
				ASSETCATALOG_COMPILER_APPICON_NAME = AppIcon;
				ASSETCATALOG_COMPILER_GLOBAL_ACCENT_COLOR_NAME = AccentColor;
				CODE_SIGN_STYLE = Automatic;
				CURRENT_PROJECT_VERSION = 1;
				DEVELOPMENT_ASSET_PATHS = "\"iEFIS/Preview Content\"";
				ENABLE_PREVIEWS = YES;
				GENERATE_INFOPLIST_FILE = YES;
				INFOPLIST_FILE = iEFIS/Info.plist;
				INFOPLIST_KEY_NSLocationUsageDescription = "Please allow location access for GPS Speed/Alt Data ";
				INFOPLIST_KEY_NSLocationWhenInUseUsageDescription = "";
				INFOPLIST_KEY_UIApplicationSupportsIndirectInputEvents = YES;
				INFOPLIST_KEY_UILaunchScreen_Generation = YES;
				INFOPLIST_KEY_UIRequiresFullScreen = YES;
				INFOPLIST_KEY_UIStatusBarHidden = NO;
				INFOPLIST_KEY_UISupportedInterfaceOrientations = "UIInterfaceOrientationLandscapeLeft UIInterfaceOrientationLandscapeRight UIInterfaceOrientationPortraitUpsideDown UIInterfaceOrientationPortrait";
				INFOPLIST_KEY_UISupportedInterfaceOrientations_iPad = "UIInterfaceOrientationPortrait UIInterfaceOrientationPortraitUpsideDown UIInterfaceOrientationLandscapeLeft UIInterfaceOrientationLandscapeRight";
				INFOPLIST_KEY_UISupportedInterfaceOrientations_iPhone = "UIInterfaceOrientationPortrait UIInterfaceOrientationLandscapeLeft UIInterfaceOrientationLandscapeRight";
				LD_RUNPATH_SEARCH_PATHS = (
					"$(inherited)",
					"@executable_path/Frameworks",
				);
				MARKETING_VERSION = 1.0;
				PRODUCT_BUNDLE_IDENTIFIER = IOSDev.iEFIS;
				PRODUCT_NAME = "$(TARGET_NAME)";
				SWIFT_EMIT_LOC_STRINGS = YES;
				SWIFT_VERSION = 5.0;
				TARGETED_DEVICE_FAMILY = "1,2";
			};
			name = Release;
		};
		8F71EE352860DFC3000E1E92 /* Debug */ = {
			isa = XCBuildConfiguration;
			buildSettings = {
				ALWAYS_EMBED_SWIFT_STANDARD_LIBRARIES = YES;
				BUNDLE_LOADER = "$(TEST_HOST)";
				CODE_SIGN_STYLE = Automatic;
				CURRENT_PROJECT_VERSION = 1;
				GENERATE_INFOPLIST_FILE = YES;
				IPHONEOS_DEPLOYMENT_TARGET = 15.5;
				MARKETING_VERSION = 1.0;
				PRODUCT_BUNDLE_IDENTIFIER = IOSDev.iEFISTests;
				PRODUCT_NAME = "$(TARGET_NAME)";
				SWIFT_EMIT_LOC_STRINGS = NO;
				SWIFT_VERSION = 5.0;
				TARGETED_DEVICE_FAMILY = "1,2";
				TEST_HOST = "$(BUILT_PRODUCTS_DIR)/iEFIS.app/iEFIS";
			};
			name = Debug;
		};
		8F71EE362860DFC3000E1E92 /* Release */ = {
			isa = XCBuildConfiguration;
			buildSettings = {
				ALWAYS_EMBED_SWIFT_STANDARD_LIBRARIES = YES;
				BUNDLE_LOADER = "$(TEST_HOST)";
				CODE_SIGN_STYLE = Automatic;
				CURRENT_PROJECT_VERSION = 1;
				GENERATE_INFOPLIST_FILE = YES;
				IPHONEOS_DEPLOYMENT_TARGET = 15.5;
				MARKETING_VERSION = 1.0;
				PRODUCT_BUNDLE_IDENTIFIER = IOSDev.iEFISTests;
				PRODUCT_NAME = "$(TARGET_NAME)";
				SWIFT_EMIT_LOC_STRINGS = NO;
				SWIFT_VERSION = 5.0;
				TARGETED_DEVICE_FAMILY = "1,2";
				TEST_HOST = "$(BUILT_PRODUCTS_DIR)/iEFIS.app/iEFIS";
			};
			name = Release;
		};
		8F71EE382860DFC3000E1E92 /* Debug */ = {
			isa = XCBuildConfiguration;
			buildSettings = {
				ALWAYS_EMBED_SWIFT_STANDARD_LIBRARIES = YES;
				CODE_SIGN_STYLE = Automatic;
				CURRENT_PROJECT_VERSION = 1;
				GENERATE_INFOPLIST_FILE = YES;
				MARKETING_VERSION = 1.0;
				PRODUCT_BUNDLE_IDENTIFIER = IOSDev.iEFISUITests;
				PRODUCT_NAME = "$(TARGET_NAME)";
				SWIFT_EMIT_LOC_STRINGS = NO;
				SWIFT_VERSION = 5.0;
				TARGETED_DEVICE_FAMILY = "1,2";
				TEST_TARGET_NAME = iEFIS;
			};
			name = Debug;
		};
		8F71EE392860DFC3000E1E92 /* Release */ = {
			isa = XCBuildConfiguration;
			buildSettings = {
				ALWAYS_EMBED_SWIFT_STANDARD_LIBRARIES = YES;
				CODE_SIGN_STYLE = Automatic;
				CURRENT_PROJECT_VERSION = 1;
				GENERATE_INFOPLIST_FILE = YES;
				MARKETING_VERSION = 1.0;
				PRODUCT_BUNDLE_IDENTIFIER = IOSDev.iEFISUITests;
				PRODUCT_NAME = "$(TARGET_NAME)";
				SWIFT_EMIT_LOC_STRINGS = NO;
				SWIFT_VERSION = 5.0;
				TARGETED_DEVICE_FAMILY = "1,2";
				TEST_TARGET_NAME = iEFIS;
			};
			name = Release;
		};
/* End XCBuildConfiguration section */

/* Begin XCConfigurationList section */
		8F71EE082860DFBA000E1E92 /* Build configuration list for PBXProject "iEFIS" */ = {
			isa = XCConfigurationList;
			buildConfigurations = (
				8F71EE2F2860DFC3000E1E92 /* Debug */,
				8F71EE302860DFC3000E1E92 /* Release */,
			);
			defaultConfigurationIsVisible = 0;
			defaultConfigurationName = Release;
		};
		8F71EE312860DFC3000E1E92 /* Build configuration list for PBXNativeTarget "iEFIS" */ = {
			isa = XCConfigurationList;
			buildConfigurations = (
				8F71EE322860DFC3000E1E92 /* Debug */,
				8F71EE332860DFC3000E1E92 /* Release */,
			);
			defaultConfigurationIsVisible = 0;
			defaultConfigurationName = Release;
		};
		8F71EE342860DFC3000E1E92 /* Build configuration list for PBXNativeTarget "iEFISTests" */ = {
			isa = XCConfigurationList;
			buildConfigurations = (
				8F71EE352860DFC3000E1E92 /* Debug */,
				8F71EE362860DFC3000E1E92 /* Release */,
			);
			defaultConfigurationIsVisible = 0;
			defaultConfigurationName = Release;
		};
		8F71EE372860DFC3000E1E92 /* Build configuration list for PBXNativeTarget "iEFISUITests" */ = {
			isa = XCConfigurationList;
			buildConfigurations = (
				8F71EE382860DFC3000E1E92 /* Debug */,
				8F71EE392860DFC3000E1E92 /* Release */,
			);
			defaultConfigurationIsVisible = 0;
			defaultConfigurationName = Release;
		};
/* End XCConfigurationList section */
	};
	rootObject = 8F71EE052860DFBA000E1E92 /* Project object */;
}
